{
  "pins" : [
    {
      "identity" : "colorcode-rgba-256-package",
      "kind" : "remoteSourceControl",
      "location" : "https://github.com/jeremyabannister/ColorCode-RGBA-256-package",
      "state" : {
        "revision" : "20307085dccc320a9df7cfc39a2d4733e7c684db",
        "version" : "0.1.0"
      }
    },
    {
      "identity" : "standardhexadecimalcolorcode-package",
      "kind" : "remoteSourceControl",
      "location" : "https://github.com/jeremyabannister/StandardHexadecimalColorCode-package",
      "state" : {
        "revision" : "b187e5ae3a10229c0746f2663787046faf2da29e",
        "version" : "0.1.0"
      }
    }
  ],
  "version" : 2
}
